// !$*UTF8*$!
{
	archiveVersion = 1;
	classes = {
	};
	objectVersion = 46;
	objects = {

/* Begin PBXBuildFile section */
		02A5D5F7D336574858E95AF4 /* Pods_FileUpload.framework in Frameworks */ = {isa = PBXBuildFile; fileRef = D1C8B82CCBE847DEC066AE79 /* Pods_FileUpload.framework */; };
		3DFDD2BC3FFB99C265112D0E /* Pods_FileUploadTests.framework in Frameworks */ = {isa = PBXBuildFile; fileRef = F83A3844B397C586633660AD /* Pods_FileUploadTests.framework */; };
		F3B371DD1E26C02900BA8A0B /* AppDelegate.swift in Sources */ = {isa = PBXBuildFile; fileRef = F3B371DC1E26C02900BA8A0B /* AppDelegate.swift */; };
		F3B371DF1E26C02900BA8A0B /* ViewController.swift in Sources */ = {isa = PBXBuildFile; fileRef = F3B371DE1E26C02900BA8A0B /* ViewController.swift */; };
		F3B371E21E26C02900BA8A0B /* Main.storyboard in Resources */ = {isa = PBXBuildFile; fileRef = F3B371E01E26C02900BA8A0B /* Main.storyboard */; };
		F3B371E41E26C02900BA8A0B /* Assets.xcassets in Resources */ = {isa = PBXBuildFile; fileRef = F3B371E31E26C02900BA8A0B /* Assets.xcassets */; };
		F3B371E71E26C02900BA8A0B /* LaunchScreen.storyboard in Resources */ = {isa = PBXBuildFile; fileRef = F3B371E51E26C02900BA8A0B /* LaunchScreen.storyboard */; };
		F3B371F21E26C02900BA8A0B /* FileUploadTests.swift in Sources */ = {isa = PBXBuildFile; fileRef = F3B371F11E26C02900BA8A0B /* FileUploadTests.swift */; };
/* End PBXBuildFile section */

/* Begin PBXContainerItemProxy section */
		F3B371EE1E26C02900BA8A0B /* PBXContainerItemProxy */ = {
			isa = PBXContainerItemProxy;
			containerPortal = F3B371D11E26C02900BA8A0B /* Project object */;
			proxyType = 1;
			remoteGlobalIDString = F3B371D81E26C02900BA8A0B;
			remoteInfo = FileUpload;
		};
/* End PBXContainerItemProxy section */

/* Begin PBXFileReference section */
		34D49A0366651588B8FE2A80 /* Pods-FileUploadTests.debug.xcconfig */ = {isa = PBXFileReference; includeInIndex = 1; lastKnownFileType = text.xcconfig; name = "Pods-FileUploadTests.debug.xcconfig"; path = "Pods/Target Support Files/Pods-FileUploadTests/Pods-FileUploadTests.debug.xcconfig"; sourceTree = "<group>"; };
		71FD313B1B5081394E456A34 /* Pods-FileUpload.release.xcconfig */ = {isa = PBXFileReference; includeInIndex = 1; lastKnownFileType = text.xcconfig; name = "Pods-FileUpload.release.xcconfig"; path = "Pods/Target Support Files/Pods-FileUpload/Pods-FileUpload.release.xcconfig"; sourceTree = "<group>"; };
		A3DBBFEACC3CC180084DB4AB /* Pods-FileUploadTests.release.xcconfig */ = {isa = PBXFileReference; includeInIndex = 1; lastKnownFileType = text.xcconfig; name = "Pods-FileUploadTests.release.xcconfig"; path = "Pods/Target Support Files/Pods-FileUploadTests/Pods-FileUploadTests.release.xcconfig"; sourceTree = "<group>"; };
		D1C8B82CCBE847DEC066AE79 /* Pods_FileUpload.framework */ = {isa = PBXFileReference; explicitFileType = wrapper.framework; includeInIndex = 0; path = Pods_FileUpload.framework; sourceTree = BUILT_PRODUCTS_DIR; };
		D4DCA0D058FFD11FAC8167BD /* Pods-FileUpload.debug.xcconfig */ = {isa = PBXFileReference; includeInIndex = 1; lastKnownFileType = text.xcconfig; name = "Pods-FileUpload.debug.xcconfig"; path = "Pods/Target Support Files/Pods-FileUpload/Pods-FileUpload.debug.xcconfig"; sourceTree = "<group>"; };
		F3B371D91E26C02900BA8A0B /* FileUpload.app */ = {isa = PBXFileReference; explicitFileType = wrapper.application; includeInIndex = 0; path = FileUpload.app; sourceTree = BUILT_PRODUCTS_DIR; };
		F3B371DC1E26C02900BA8A0B /* AppDelegate.swift */ = {isa = PBXFileReference; lastKnownFileType = sourcecode.swift; path = AppDelegate.swift; sourceTree = "<group>"; };
		F3B371DE1E26C02900BA8A0B /* ViewController.swift */ = {isa = PBXFileReference; lastKnownFileType = sourcecode.swift; path = ViewController.swift; sourceTree = "<group>"; };
		F3B371E11E26C02900BA8A0B /* Base */ = {isa = PBXFileReference; lastKnownFileType = file.storyboard; name = Base; path = Base.lproj/Main.storyboard; sourceTree = "<group>"; };
		F3B371E31E26C02900BA8A0B /* Assets.xcassets */ = {isa = PBXFileReference; lastKnownFileType = folder.assetcatalog; path = Assets.xcassets; sourceTree = "<group>"; };
		F3B371E61E26C02900BA8A0B /* Base */ = {isa = PBXFileReference; lastKnownFileType = file.storyboard; name = Base; path = Base.lproj/LaunchScreen.storyboard; sourceTree = "<group>"; };
		F3B371E81E26C02900BA8A0B /* Info.plist */ = {isa = PBXFileReference; lastKnownFileType = text.plist.xml; path = Info.plist; sourceTree = "<group>"; };
		F3B371ED1E26C02900BA8A0B /* FileUploadTests.xctest */ = {isa = PBXFileReference; explicitFileType = wrapper.cfbundle; includeInIndex = 0; path = FileUploadTests.xctest; sourceTree = BUILT_PRODUCTS_DIR; };
		F3B371F11E26C02900BA8A0B /* FileUploadTests.swift */ = {isa = PBXFileReference; lastKnownFileType = sourcecode.swift; path = FileUploadTests.swift; sourceTree = "<group>"; };
		F3B371F31E26C02900BA8A0B /* Info.plist */ = {isa = PBXFileReference; lastKnownFileType = text.plist.xml; path = Info.plist; sourceTree = "<group>"; };
		F83A3844B397C586633660AD /* Pods_FileUploadTests.framework */ = {isa = PBXFileReference; explicitFileType = wrapper.framework; includeInIndex = 0; path = Pods_FileUploadTests.framework; sourceTree = BUILT_PRODUCTS_DIR; };
/* End PBXFileReference section */

/* Begin PBXFrameworksBuildPhase section */
		F3B371D61E26C02900BA8A0B /* Frameworks */ = {
			isa = PBXFrameworksBuildPhase;
			buildActionMask = 2147483647;
			files = (
				02A5D5F7D336574858E95AF4 /* Pods_FileUpload.framework in Frameworks */,
			);
			runOnlyForDeploymentPostprocessing = 0;
		};
		F3B371EA1E26C02900BA8A0B /* Frameworks */ = {
			isa = PBXFrameworksBuildPhase;
			buildActionMask = 2147483647;
			files = (
				3DFDD2BC3FFB99C265112D0E /* Pods_FileUploadTests.framework in Frameworks */,
			);
			runOnlyForDeploymentPostprocessing = 0;
		};
/* End PBXFrameworksBuildPhase section */

/* Begin PBXGroup section */
		2282FE65729C82D90281452B /* Pods */ = {
			isa = PBXGroup;
			children = (
				D4DCA0D058FFD11FAC8167BD /* Pods-FileUpload.debug.xcconfig */,
				71FD313B1B5081394E456A34 /* Pods-FileUpload.release.xcconfig */,
				34D49A0366651588B8FE2A80 /* Pods-FileUploadTests.debug.xcconfig */,
				A3DBBFEACC3CC180084DB4AB /* Pods-FileUploadTests.release.xcconfig */,
			);
			name = Pods;
			sourceTree = "<group>";
		};
		C5606A3C73149898BB41AFF0 /* Frameworks */ = {
			isa = PBXGroup;
			children = (
				D1C8B82CCBE847DEC066AE79 /* Pods_FileUpload.framework */,
				F83A3844B397C586633660AD /* Pods_FileUploadTests.framework */,
			);
			name = Frameworks;
			sourceTree = "<group>";
		};
		F3B371D01E26C02900BA8A0B = {
			isa = PBXGroup;
			children = (
				F3B371DB1E26C02900BA8A0B /* FileUpload */,
				F3B371F01E26C02900BA8A0B /* FileUploadTests */,
				F3B371DA1E26C02900BA8A0B /* Products */,
				2282FE65729C82D90281452B /* Pods */,
				C5606A3C73149898BB41AFF0 /* Frameworks */,
			);
			sourceTree = "<group>";
		};
		F3B371DA1E26C02900BA8A0B /* Products */ = {
			isa = PBXGroup;
			children = (
				F3B371D91E26C02900BA8A0B /* FileUpload.app */,
				F3B371ED1E26C02900BA8A0B /* FileUploadTests.xctest */,
			);
			name = Products;
			sourceTree = "<group>";
		};
		F3B371DB1E26C02900BA8A0B /* FileUpload */ = {
			isa = PBXGroup;
			children = (
				F3B371DC1E26C02900BA8A0B /* AppDelegate.swift */,
				F3B371DE1E26C02900BA8A0B /* ViewController.swift */,
				F3B371E01E26C02900BA8A0B /* Main.storyboard */,
				F3B371E31E26C02900BA8A0B /* Assets.xcassets */,
				F3B371E51E26C02900BA8A0B /* LaunchScreen.storyboard */,
				F3B371E81E26C02900BA8A0B /* Info.plist */,
			);
			path = FileUpload;
			sourceTree = "<group>";
		};
		F3B371F01E26C02900BA8A0B /* FileUploadTests */ = {
			isa = PBXGroup;
			children = (
				F3B371F11E26C02900BA8A0B /* FileUploadTests.swift */,
				F3B371F31E26C02900BA8A0B /* Info.plist */,
			);
			path = FileUploadTests;
			sourceTree = "<group>";
		};
/* End PBXGroup section */

/* Begin PBXNativeTarget section */
		F3B371D81E26C02900BA8A0B /* FileUpload */ = {
			isa = PBXNativeTarget;
			buildConfigurationList = F3B371F61E26C02900BA8A0B /* Build configuration list for PBXNativeTarget "FileUpload" */;
			buildPhases = (
				312DBB3364BAA8B32C7759B6 /* [CP] Check Pods Manifest.lock */,
				F3B371D51E26C02900BA8A0B /* Sources */,
				F3B371D61E26C02900BA8A0B /* Frameworks */,
				F3B371D71E26C02900BA8A0B /* Resources */,
				E3C74253F44789947855D5DE /* [CP] Embed Pods Frameworks */,
				8625A8D4DEB25D9693FF8F8E /* [CP] Copy Pods Resources */,
			);
			buildRules = (
			);
			dependencies = (
			);
			name = FileUpload;
			productName = FileUpload;
			productReference = F3B371D91E26C02900BA8A0B /* FileUpload.app */;
			productType = "com.apple.product-type.application";
		};
		F3B371EC1E26C02900BA8A0B /* FileUploadTests */ = {
			isa = PBXNativeTarget;
			buildConfigurationList = F3B371F91E26C02900BA8A0B /* Build configuration list for PBXNativeTarget "FileUploadTests" */;
			buildPhases = (
				0EA0B8998F26FDCB072A3E7D /* [CP] Check Pods Manifest.lock */,
				F3B371E91E26C02900BA8A0B /* Sources */,
				F3B371EA1E26C02900BA8A0B /* Frameworks */,
				F3B371EB1E26C02900BA8A0B /* Resources */,
				3866A8918064735EB2F6D983 /* [CP] Embed Pods Frameworks */,
				6757E33DD528FBD6B7DECC00 /* [CP] Copy Pods Resources */,
			);
			buildRules = (
			);
			dependencies = (
				F3B371EF1E26C02900BA8A0B /* PBXTargetDependency */,
			);
			name = FileUploadTests;
			productName = FileUploadTests;
			productReference = F3B371ED1E26C02900BA8A0B /* FileUploadTests.xctest */;
			productType = "com.apple.product-type.bundle.unit-test";
		};
/* End PBXNativeTarget section */

/* Begin PBXProject section */
		F3B371D11E26C02900BA8A0B /* Project object */ = {
			isa = PBXProject;
			attributes = {
				LastSwiftUpdateCheck = 0810;
				LastUpgradeCheck = 0810;
				ORGANIZATIONNAME = Com;
				TargetAttributes = {
					F3B371D81E26C02900BA8A0B = {
						CreatedOnToolsVersion = 8.1;
						ProvisioningStyle = Automatic;
					};
					F3B371EC1E26C02900BA8A0B = {
						CreatedOnToolsVersion = 8.1;
						ProvisioningStyle = Automatic;
						TestTargetID = F3B371D81E26C02900BA8A0B;
					};
				};
			};
			buildConfigurationList = F3B371D41E26C02900BA8A0B /* Build configuration list for PBXProject "FileUpload" */;
			compatibilityVersion = "Xcode 3.2";
			developmentRegion = English;
			hasScannedForEncodings = 0;
			knownRegions = (
				en,
				Base,
			);
			mainGroup = F3B371D01E26C02900BA8A0B;
			productRefGroup = F3B371DA1E26C02900BA8A0B /* Products */;
			projectDirPath = "";
			projectRoot = "";
			targets = (
				F3B371D81E26C02900BA8A0B /* FileUpload */,
				F3B371EC1E26C02900BA8A0B /* FileUploadTests */,
			);
		};
/* End PBXProject section */

/* Begin PBXResourcesBuildPhase section */
		F3B371D71E26C02900BA8A0B /* Resources */ = {
			isa = PBXResourcesBuildPhase;
			buildActionMask = 2147483647;
			files = (
				F3B371E71E26C02900BA8A0B /* LaunchScreen.storyboard in Resources */,
				F3B371E41E26C02900BA8A0B /* Assets.xcassets in Resources */,
				F3B371E21E26C02900BA8A0B /* Main.storyboard in Resources */,
			);
			runOnlyForDeploymentPostprocessing = 0;
		};
		F3B371EB1E26C02900BA8A0B /* Resources */ = {
			isa = PBXResourcesBuildPhase;
			buildActionMask = 2147483647;
			files = (
			);
			runOnlyForDeploymentPostprocessing = 0;
		};
/* End PBXResourcesBuildPhase section */

/* Begin PBXShellScriptBuildPhase section */
		0EA0B8998F26FDCB072A3E7D /* [CP] Check Pods Manifest.lock */ = {
			isa = PBXShellScriptBuildPhase;
			buildActionMask = 2147483647;
			files = (
			);
			inputPaths = (
			);
			name = "[CP] Check Pods Manifest.lock";
			outputPaths = (
			);
			runOnlyForDeploymentPostprocessing = 0;
			shellPath = /bin/sh;
			shellScript = "diff \"${PODS_ROOT}/../Podfile.lock\" \"${PODS_ROOT}/Manifest.lock\" > /dev/null\nif [[ $? != 0 ]] ; then\n    cat << EOM\nerror: The sandbox is not in sync with the Podfile.lock. Run 'pod install' or update your CocoaPods installation.\nEOM\n    exit 1\nfi\n";
			showEnvVarsInLog = 0;
		};
		312DBB3364BAA8B32C7759B6 /* [CP] Check Pods Manifest.lock */ = {
			isa = PBXShellScriptBuildPhase;
			buildActionMask = 2147483647;
			files = (
			);
			inputPaths = (
			);
			name = "[CP] Check Pods Manifest.lock";
			outputPaths = (
			);
			runOnlyForDeploymentPostprocessing = 0;
			shellPath = /bin/sh;
			shellScript = "diff \"${PODS_ROOT}/../Podfile.lock\" \"${PODS_ROOT}/Manifest.lock\" > /dev/null\nif [[ $? != 0 ]] ; then\n    cat << EOM\nerror: The sandbox is not in sync with the Podfile.lock. Run 'pod install' or update your CocoaPods installation.\nEOM\n    exit 1\nfi\n";
			showEnvVarsInLog = 0;
		};
		3866A8918064735EB2F6D983 /* [CP] Embed Pods Frameworks */ = {
			isa = PBXShellScriptBuildPhase;
			buildActionMask = 2147483647;
			files = (
			);
			inputPaths = (
			);
			name = "[CP] Embed Pods Frameworks";
			outputPaths = (
			);
			runOnlyForDeploymentPostprocessing = 0;
			shellPath = /bin/sh;
			shellScript = "\"${SRCROOT}/Pods/Target Support Files/Pods-FileUploadTests/Pods-FileUploadTests-frameworks.sh\"\n";
			showEnvVarsInLog = 0;
		};
		6757E33DD528FBD6B7DECC00 /* [CP] Copy Pods Resources */ = {
			isa = PBXShellScriptBuildPhase;
			buildActionMask = 2147483647;
			files = (
			);
			inputPaths = (
			);
			name = "[CP] Copy Pods Resources";
			outputPaths = (
			);
			runOnlyForDeploymentPostprocessing = 0;
			shellPath = /bin/sh;
			shellScript = "\"${SRCROOT}/Pods/Target Support Files/Pods-FileUploadTests/Pods-FileUploadTests-resources.sh\"\n";
			showEnvVarsInLog = 0;
		};
		8625A8D4DEB25D9693FF8F8E /* [CP] Copy Pods Resources */ = {
			isa = PBXShellScriptBuildPhase;
			buildActionMask = 2147483647;
			files = (
			);
			inputPaths = (
			);
			name = "[CP] Copy Pods Resources";
			outputPaths = (
			);
			runOnlyForDeploymentPostprocessing = 0;
			shellPath = /bin/sh;
			shellScript = "\"${SRCROOT}/Pods/Target Support Files/Pods-FileUpload/Pods-FileUpload-resources.sh\"\n";
			showEnvVarsInLog = 0;
		};
		E3C74253F44789947855D5DE /* [CP] Embed Pods Frameworks */ = {
			isa = PBXShellScriptBuildPhase;
			buildActionMask = 2147483647;
			files = (
			);
			inputPaths = (
			);
			name = "[CP] Embed Pods Frameworks";
			outputPaths = (
			);
			runOnlyForDeploymentPostprocessing = 0;
			shellPath = /bin/sh;
			shellScript = "\"${SRCROOT}/Pods/Target Support Files/Pods-FileUpload/Pods-FileUpload-frameworks.sh\"\n";
			showEnvVarsInLog = 0;
		};
/* End PBXShellScriptBuildPhase section */

/* Begin PBXSourcesBuildPhase section */
		F3B371D51E26C02900BA8A0B /* Sources */ = {
			isa = PBXSourcesBuildPhase;
			buildActionMask = 2147483647;
			files = (
				F3B371DF1E26C02900BA8A0B /* ViewController.swift in Sources */,
				F3B371DD1E26C02900BA8A0B /* AppDelegate.swift in Sources */,
			);
			runOnlyForDeploymentPostprocessing = 0;
		};
		F3B371E91E26C02900BA8A0B /* Sources */ = {
			isa = PBXSourcesBuildPhase;
			buildActionMask = 2147483647;
			files = (
				F3B371F21E26C02900BA8A0B /* FileUploadTests.swift in Sources */,
			);
			runOnlyForDeploymentPostprocessing = 0;
		};
/* End PBXSourcesBuildPhase section */

/* Begin PBXTargetDependency section */
		F3B371EF1E26C02900BA8A0B /* PBXTargetDependency */ = {
			isa = PBXTargetDependency;
			target = F3B371D81E26C02900BA8A0B /* FileUpload */;
			targetProxy = F3B371EE1E26C02900BA8A0B /* PBXContainerItemProxy */;
		};
/* End PBXTargetDependency section */

/* Begin PBXVariantGroup section */
		F3B371E01E26C02900BA8A0B /* Main.storyboard */ = {
			isa = PBXVariantGroup;
			children = (
				F3B371E11E26C02900BA8A0B /* Base */,
			);
			name = Main.storyboard;
			sourceTree = "<group>";
		};
		F3B371E51E26C02900BA8A0B /* LaunchScreen.storyboard */ = {
			isa = PBXVariantGroup;
			children = (
				F3B371E61E26C02900BA8A0B /* Base */,
			);
			name = LaunchScreen.storyboard;
			sourceTree = "<group>";
		};
/* End PBXVariantGroup section */

/* Begin XCBuildConfiguration section */
		F3B371F41E26C02900BA8A0B /* Debug */ = {
			isa = XCBuildConfiguration;
			buildSettings = {
				ALWAYS_SEARCH_USER_PATHS = NO;
				CLANG_ANALYZER_NONNULL = YES;
				CLANG_CXX_LANGUAGE_STANDARD = "gnu++0x";
				CLANG_CXX_LIBRARY = "libc++";
				CLANG_ENABLE_MODULES = YES;
				CLANG_ENABLE_OBJC_ARC = YES;
				CLANG_WARN_BOOL_CONVERSION = YES;
				CLANG_WARN_CONSTANT_CONVERSION = YES;
				CLANG_WARN_DIRECT_OBJC_ISA_USAGE = YES_ERROR;
				CLANG_WARN_DOCUMENTATION_COMMENTS = YES;
				CLANG_WARN_EMPTY_BODY = YES;
				CLANG_WARN_ENUM_CONVERSION = YES;
				CLANG_WARN_INFINITE_RECURSION = YES;
				CLANG_WARN_INT_CONVERSION = YES;
				CLANG_WARN_OBJC_ROOT_CLASS = YES_ERROR;
				CLANG_WARN_SUSPICIOUS_MOVES = YES;
				CLANG_WARN_UNREACHABLE_CODE = YES;
				CLANG_WARN__DUPLICATE_METHOD_MATCH = YES;
				"CODE_SIGN_IDENTITY[sdk=iphoneos*]" = "iPhone Developer";
				COPY_PHASE_STRIP = NO;
				DEBUG_INFORMATION_FORMAT = dwarf;
				ENABLE_STRICT_OBJC_MSGSEND = YES;
				ENABLE_TESTABILITY = YES;
				GCC_C_LANGUAGE_STANDARD = gnu99;
				GCC_DYNAMIC_NO_PIC = NO;
				GCC_NO_COMMON_BLOCKS = YES;
				GCC_OPTIMIZATION_LEVEL = 0;
				GCC_PREPROCESSOR_DEFINITIONS = (
					"DEBUG=1",
					"$(inherited)",
				);
				GCC_WARN_64_TO_32_BIT_CONVERSION = YES;
				GCC_WARN_ABOUT_RETURN_TYPE = YES_ERROR;
				GCC_WARN_UNDECLARED_SELECTOR = YES;
				GCC_WARN_UNINITIALIZED_AUTOS = YES_AGGRESSIVE;
				GCC_WARN_UNUSED_FUNCTION = YES;
				GCC_WARN_UNUSED_VARIABLE = YES;
				IPHONEOS_DEPLOYMENT_TARGET = 10.1;
				MTL_ENABLE_DEBUG_INFO = YES;
				ONLY_ACTIVE_ARCH = YES;
				SDKROOT = iphoneos;
				SWIFT_ACTIVE_COMPILATION_CONDITIONS = DEBUG;
				SWIFT_OPTIMIZATION_LEVEL = "-Onone";
			};
			name = Debug;
		};
		F3B371F51E26C02900BA8A0B /* Release */ = {
			isa = XCBuildConfiguration;
			buildSettings = {
				ALWAYS_SEARCH_USER_PATHS = NO;
				CLANG_ANALYZER_NONNULL = YES;
				CLANG_CXX_LANGUAGE_STANDARD = "gnu++0x";
				CLANG_CXX_LIBRARY = "libc++";
				CLANG_ENABLE_MODULES = YES;
				CLANG_ENABLE_OBJC_ARC = YES;
				CLANG_WARN_BOOL_CONVERSION = YES;
				CLANG_WARN_CONSTANT_CONVERSION = YES;
				CLANG_WARN_DIRECT_OBJC_ISA_USAGE = YES_ERROR;
				CLANG_WARN_DOCUMENTATION_COMMENTS = YES;
				CLANG_WARN_EMPTY_BODY = YES;
				CLANG_WARN_ENUM_CONVERSION = YES;
				CLANG_WARN_INFINITE_RECURSION = YES;
				CLANG_WARN_INT_CONVERSION = YES;
				CLANG_WARN_OBJC_ROOT_CLASS = YES_ERROR;
				CLANG_WARN_SUSPICIOUS_MOVES = YES;
				CLANG_WARN_UNREACHABLE_CODE = YES;
				CLANG_WARN__DUPLICATE_METHOD_MATCH = YES;
				"CODE_SIGN_IDENTITY[sdk=iphoneos*]" = "iPhone Developer";
				COPY_PHASE_STRIP = NO;
				DEBUG_INFORMATION_FORMAT = "dwarf-with-dsym";
				ENABLE_NS_ASSERTIONS = NO;
				ENABLE_STRICT_OBJC_MSGSEND = YES;
				GCC_C_LANGUAGE_STANDARD = gnu99;
				GCC_NO_COMMON_BLOCKS = YES;
				GCC_WARN_64_TO_32_BIT_CONVERSION = YES;
				GCC_WARN_ABOUT_RETURN_TYPE = YES_ERROR;
				GCC_WARN_UNDECLARED_SELECTOR = YES;
				GCC_WARN_UNINITIALIZED_AUTOS = YES_AGGRESSIVE;
				GCC_WARN_UNUSED_FUNCTION = YES;
				GCC_WARN_UNUSED_VARIABLE = YES;
				IPHONEOS_DEPLOYMENT_TARGET = 10.1;
				MTL_ENABLE_DEBUG_INFO = NO;
				SDKROOT = iphoneos;
				SWIFT_OPTIMIZATION_LEVEL = "-Owholemodule";
				VALIDATE_PRODUCT = YES;
			};
			name = Release;
		};
		F3B371F71E26C02900BA8A0B /* Debug */ = {
			isa = XCBuildConfiguration;
			baseConfigurationReference = D4DCA0D058FFD11FAC8167BD /* Pods-FileUpload.debug.xcconfig */;
			buildSettings = {
				ASSETCATALOG_COMPILER_APPICON_NAME = AppIcon;
				INFOPLIST_FILE = FileUpload/Info.plist;
				LD_RUNPATH_SEARCH_PATHS = "$(inherited) @executable_path/Frameworks";
				PRODUCT_BUNDLE_IDENTIFIER = com.FileUpload;
				PRODUCT_NAME = "$(TARGET_NAME)";
				SWIFT_VERSION = 3.0;
			};
			name = Debug;
		};
		F3B371F81E26C02900BA8A0B /* Release */ = {
			isa = XCBuildConfiguration;
			baseConfigurationReference = 71FD313B1B5081394E456A34 /* Pods-FileUpload.release.xcconfig */;
			buildSettings = {
				ASSETCATALOG_COMPILER_APPICON_NAME = AppIcon;
				INFOPLIST_FILE = FileUpload/Info.plist;
				LD_RUNPATH_SEARCH_PATHS = "$(inherited) @executable_path/Frameworks";
				PRODUCT_BUNDLE_IDENTIFIER = com.FileUpload;
				PRODUCT_NAME = "$(TARGET_NAME)";
				SWIFT_VERSION = 3.0;
			};
			name = Release;
		};
		F3B371FA1E26C02900BA8A0B /* Debug */ = {
			isa = XCBuildConfiguration;
			baseConfigurationReference = 34D49A0366651588B8FE2A80 /* Pods-FileUploadTests.debug.xcconfig */;
			buildSettings = {
				ALWAYS_EMBED_SWIFT_STANDARD_LIBRARIES = YES;
				BUNDLE_LOADER = "$(TEST_HOST)";
				INFOPLIST_FILE = FileUploadTests/Info.plist;
				LD_RUNPATH_SEARCH_PATHS = "$(inherited) @executable_path/Frameworks @loader_path/Frameworks";
				PRODUCT_BUNDLE_IDENTIFIER = com.FileUploadTests;
				PRODUCT_NAME = "$(TARGET_NAME)";
				SWIFT_VERSION = 3.0;
				TEST_HOST = "$(BUILT_PRODUCTS_DIR)/FileUpload.app/FileUpload";
			};
			name = Debug;
		};
		F3B371FB1E26C02900BA8A0B /* Release */ = {
			isa = XCBuildConfiguration;
			baseConfigurationReference = A3DBBFEACC3CC180084DB4AB /* Pods-FileUploadTests.release.xcconfig */;
			buildSettings = {
				ALWAYS_EMBED_SWIFT_STANDARD_LIBRARIES = YES;
				BUNDLE_LOADER = "$(TEST_HOST)";
				INFOPLIST_FILE = FileUploadTests/Info.plist;
				LD_RUNPATH_SEARCH_PATHS = "$(inherited) @executable_path/Frameworks @loader_path/Frameworks";
				PRODUCT_BUNDLE_IDENTIFIER = com.FileUploadTests;
				PRODUCT_NAME = "$(TARGET_NAME)";
				SWIFT_VERSION = 3.0;
				TEST_HOST = "$(BUILT_PRODUCTS_DIR)/FileUpload.app/FileUpload";
			};
			name = Release;
		};
/* End XCBuildConfiguration section */

/* Begin XCConfigurationList section */
		F3B371D41E26C02900BA8A0B /* Build configuration list for PBXProject "FileUpload" */ = {
			isa = XCConfigurationList;
			buildConfigurations = (
				F3B371F41E26C02900BA8A0B /* Debug */,
				F3B371F51E26C02900BA8A0B /* Release */,
			);
			defaultConfigurationIsVisible = 0;
			defaultConfigurationName = Release;
		};
		F3B371F61E26C02900BA8A0B /* Build configuration list for PBXNativeTarget "FileUpload" */ = {
			isa = XCConfigurationList;
			buildConfigurations = (
				F3B371F71E26C02900BA8A0B /* Debug */,
				F3B371F81E26C02900BA8A0B /* Release */,
			);
			defaultConfigurationIsVisible = 0;
			defaultConfigurationName = Release;
		};
		F3B371F91E26C02900BA8A0B /* Build configuration list for PBXNativeTarget "FileUploadTests" */ = {
			isa = XCConfigurationList;
			buildConfigurations = (
				F3B371FA1E26C02900BA8A0B /* Debug */,
				F3B371FB1E26C02900BA8A0B /* Release */,
			);
			defaultConfigurationIsVisible = 0;
			defaultConfigurationName = Release;
		};
/* End XCConfigurationList section */
	};
	rootObject = F3B371D11E26C02900BA8A0B /* Project object */;
}
